lockfileVersion: '6.0'

settings:
  autoInstallPeers: true
  excludeLinksFromLockfile: false

devDependencies:
  '@types/oojs':
    specifier: ^7.0.6
    version: 7.0.7
  '@types/oojs-ui':
    specifier: ^0.49.0
    version: 0.49.1
  '@wikimedia/types-wikimedia':
    specifier: ^0.4.2
    version: 0.4.4
  typescript:
    specifier: ^5.4.3
    version: 5.6.3

packages:

  /@types/jquery@3.5.32:
    resolution: {integrity: sha512-b9Xbf4CkMqS02YH8zACqN1xzdxc3cO735Qe5AbSUFmyOiaWAbcpqh9Wna+Uk0vgACvoQHpWDg2rGdHkYPLmCiQ==}
    dependencies:
      '@types/sizzle': 2.3.9
    dev: true

  /@types/oojs-ui@0.49.1:
    resolution: {integrity: sha512-FZgTXK3/2I5hT/wgIxN0wglXDrdBJHqjBkF1ti958+OSRbsSINTWLxFedxinz/GVndJMaNrIEDDWZvLA/TK+FQ==}
    dependencies:
      '@types/jquery': 3.5.32
      '@types/oojs': 7.0.7
    dev: true

  /@types/oojs@7.0.7:
    resolution: {integrity: sha512-l99Ab1s+EhCWR/38z5VI3aimTT9QZNjpd3JlJnECHXq6uJ/osLchkkhVfY7ANeOMVT978LawYO4JyOYPQO7VLQ==}
    dev: true

  /@types/sizzle@2.3.9:
    resolution: {integrity: sha512-xzLEyKB50yqCUPUJkIsrVvoWNfFUbIZI+RspLWt8u+tIW/BetMBZtgV2LY/2o+tYH8dRvQ+eoPf3NdhQCcLE2w==}
    dev: true

  /@wikimedia/types-wikimedia@0.4.4:
    resolution: {integrity: sha512-OQ5WZ02E1XKNNljhFMBfgYdsBmJGp7vCmZZR4ZofPOd4sobvfWCWpW87ezPSePwJkB5YScWLQWNSaAeVoiXW7A==}
    dev: true

  /typescript@5.6.3:
    resolution: {integrity: sha512-hjcS1mhfuyi4WW8IWtjP7brDrG2cuDZukyrYrSauoXGNgx0S7zceP07adYkJycEr56BOUTNPzbInooiN3fn1qw==}
    engines: {node: '>=14.17'}
    hasBin: true
    dev: true
